
Microsoft Visual Studio Solution File, Format Version 11.00
# Visual Studio 2010
Project("{8BC9CEB8-8B4A-11D0-8D11-00A0C91BC942}") = "HustBase", "HustBase.vcxproj", "{57CAA6D3-5B90-8013-7B97-C4B90691725C}"
EndProject
Global
	GlobalSection(SolutionConfigurationPlatforms) = preSolution
		Debug|Win32 = Debug|Win32
		Release|Win32 = Release|Win32
	EndGlobalSection
	GlobalSection(ProjectConfigurationPlatforms) = postSolution
		{57CAA6D3-5B90-8013-7B97-C4B90691725C}.Debug|Win32.ActiveCfg = Debug|Win32
		{57CAA6D3-5B90-8013-7B97-C4B90691725C}.Debug|Win32.Build.0 = Debug|Win32
		{57CAA6D3-5B90-8013-7B97-C4B90691725C}.Release|Win32.ActiveCfg = Release|Win32
		{57CAA6D3-5B90-8013-7B97-C4B90691725C}.Release|Win32.Build.0 = Release|Win32
	EndGlobalSection
	GlobalSection(SolutionProperties) = preSolution
		HideSolutionNode = FALSE
	EndGlobalSection
EndGlobal
